
Microsoft Visual Studio Solution File, Format Version 12.00
# Visual Studio Version 16
VisualStudioVersion = 16.0.30225.117
MinimumVisualStudioVersion = 10.0.40219.1
Project("{FAE04EC0-301F-11D3-BF4B-00C04F79EFBC}") = "РеализацияСимплекс-метода", "РеализацияСимплекс-метода\РеализацияСимплекс-метода.csproj", "{729FCBDC-EEC4-4AE3-A9BC-7B2599ACA469}"
EndProject
Global
	GlobalSection(SolutionConfigurationPlatforms) = preSolution
		Debug|Any CPU = Debug|Any CPU
		Release|Any CPU = Release|Any CPU
	EndGlobalSection
	GlobalSection(ProjectConfigurationPlatforms) = postSolution
		{729FCBDC-EEC4-4AE3-A9BC-7B2599ACA469}.Debug|Any CPU.ActiveCfg = Debug|Any CPU
		{729FCBDC-EEC4-4AE3-A9BC-7B2599ACA469}.Debug|Any CPU.Build.0 = Debug|Any CPU
		{729FCBDC-EEC4-4AE3-A9BC-7B2599ACA469}.Release|Any CPU.ActiveCfg = Release|Any CPU
		{729FCBDC-EEC4-4AE3-A9BC-7B2599ACA469}.Release|Any CPU.Build.0 = Release|Any CPU
	EndGlobalSection
	GlobalSection(SolutionProperties) = preSolution
		HideSolutionNode = FALSE
	EndGlobalSection
	GlobalSection(ExtensibilityGlobals) = postSolution
		SolutionGuid = {CD332DB5-AEF7-4B10-8FD4-FF30EDB68F92}
	EndGlobalSection
EndGlobal
