
Microsoft Visual Studio Solution File, Format Version 12.00
# Visual Studio Version 16
VisualStudioVersion = 16.0.30225.117
MinimumVisualStudioVersion = 10.0.40219.1
Project("{FAE04EC0-301F-11D3-BF4B-00C04F79EFBC}") = "МиниРогалик", "МиниРогалик\МиниРогалик.csproj", "{274D1FE4-0890-40F6-BBD1-451072CB5871}"
EndProject
Global
	GlobalSection(SolutionConfigurationPlatforms) = preSolution
		Debug|Any CPU = Debug|Any CPU
		Release|Any CPU = Release|Any CPU
	EndGlobalSection
	GlobalSection(ProjectConfigurationPlatforms) = postSolution
		{274D1FE4-0890-40F6-BBD1-451072CB5871}.Debug|Any CPU.ActiveCfg = Debug|Any CPU
		{274D1FE4-0890-40F6-BBD1-451072CB5871}.Debug|Any CPU.Build.0 = Debug|Any CPU
		{274D1FE4-0890-40F6-BBD1-451072CB5871}.Release|Any CPU.ActiveCfg = Release|Any CPU
		{274D1FE4-0890-40F6-BBD1-451072CB5871}.Release|Any CPU.Build.0 = Release|Any CPU
	EndGlobalSection
	GlobalSection(SolutionProperties) = preSolution
		HideSolutionNode = FALSE
	EndGlobalSection
	GlobalSection(ExtensibilityGlobals) = postSolution
		SolutionGuid = {B7197E31-45D0-4378-BA44-2FA7DF82E583}
	EndGlobalSection
EndGlobal
